[{<<"base16">>,
  {git,"https://github.com/goj/base16.git",
       {ref,"1e9dd28bdbcfb8f4aedf82b9900cfb0f094f137d"}},
  1},
 {<<"cowboy">>,{pkg,<<"cowboy">>,<<"1.0.2">>},0},
 {<<"cowboy_oauth">>,
  {git,"https://github.com/project-fifo/cowoby_oauth.git",
       {ref,"372ae8525a1ba933314ac27a201a009fa5776617"}},
  0},
 {<<"cowlib">>,{pkg,<<"cowlib">>,<<"1.0.1">>},1},
 {<<"ddb_client">>,{pkg,<<"ddb_client">>,<<"0.1.17">>},1},
 {<<"dflow">>,{pkg,<<"dflow">>,<<"0.1.5">>},1},
 {<<"dproto">>,{pkg,<<"dproto">>,<<"0.1.12">>},1},
 {<<"dqe">>,
  {git,"https://github.com/dalmatinerdb/dqe.git",
       {ref,"1bf6d39511aeaf135aa79127e9ba8a380ca269a6"}},
  0},
 {<<"e2qc">>,
  {git,"https://github.com/arekinath/e2qc.git",
       {ref,"9c14c6aeb2f00b9c331ed2bd6d1dc7cac7ec987f"}},
  0},
 {<<"erlang_localtime">>,
  {git,"git://github.com/choptastic/erlang_localtime.git",
       {ref,"bd0083ffe6107537a555133c9b94656ca5c854f3"}},
  2},
 {<<"erlcloud">>,
  {git,"https://github.com/project-fifo/erlcloud",
       {ref,"5c56980eb42a0e1f4138136f218fde3032e47228"}},
  1},
 {<<"erlware_commons">>,
  {git,"git://github.com/erlware/erlware_commons.git",
       {ref,"49bc69e35a282bde4a0a6a8f211b5f77d8585256"}},
  2},
 {<<"erlydtl">>,
  {git,"https://github.com/erlydtl/erlydtl.git",
       {ref,"5ac24d1e4083dfcb287ede74cc752ebdcda706a2"}},
  1},
 {<<"eunit_formatters">>,
  {git,"git://github.com/seancribbs/eunit_formatters",
       {ref,"35e3e6ab2db48af776a1a21bba6f1461c97caacb"}},
  2},
 {<<"fifo_dt">>,
  {git,"https://github.com/project-fifo/fifo_dt.git",
       {ref,"629c7677624b1a84672a35b667cb1c3cf7377cd8"}},
  0},
 {<<"fifo_s3">>,
  {git,"https://github.com/project-fifo/fifo_s3.git",
       {ref,"659d81983a29aa6c0e9000f47985bbcad584f62f"}},
  0},
 {<<"fifo_spec">>,
  {git,"https://github.com/project-fifo/fifo_spec.git",
       {ref,"277cc03ff1c7b0a2bf080ca41817ff91c1d21662"}},
  0},
 {<<"folsom_ddb">>,{pkg,<<"folsom_ddb">>,<<"0.1.20">>},0},
 {<<"goldrush">>,
  {git,"git://github.com/DeadZen/goldrush.git",
       {ref,"64864ba7fcf40988361340e48680b49a2c2938cf"}},
  1},
 {<<"jesse">>,
  {git,"https://github.com/klarna/jesse.git",
       {ref,"94555fcf8298226d9e78ffe799f706bf4082e4b0"}},
  0},
 {<<"jsx">>,{pkg,<<"jsx">>,<<"1.4.5">>},0},
 {<<"jsxd">>,{pkg,<<"jsxd">>,<<"0.1.10">>},0},
 {<<"lager">>,
  {git,"https://github.com/basho/lager",
       {ref,"cbf6679c6a693772fd1629c9cdc093e4c6c4ebf8"}},
  0},
 {<<"lager_watchdog">>,{pkg,<<"lager_watchdog">>,<<"0.1.10">>},0},
 {<<"libchunter">>,
  {git,"https://github.com/project-fifo/libchunter.git",
       {ref,"62336bc21b90f2a39aff960215c99c872603c4ed"}},
  0},
 {<<"libsnarl">>,
  {git,"https://github.com/project-fifo/libsnarl.git",
       {ref,"ac7f38b53580dee9094451e9821b3530612fe776"}},
  0},
 {<<"libsnarlmatch">>,{pkg,<<"libsnarlmatch">>,<<"0.1.7">>},1},
 {<<"libsniffle">>,
  {git,"https://github.com/project-fifo/libsniffle.git",
       {ref,"8fe8dda5313500f2aada0eaf4f0342f931c87b36"}},
  0},
 {<<"mdns_client">>,{pkg,<<"mdns_client">>,<<"0.1.7">>},2},
 {<<"mdns_client_lib">>,{pkg,<<"mdns_client_lib">>,<<"0.1.28">>},1},
 {<<"meck">>,
  {git,"https://github.com/basho/meck.git",
       {ref,"dde759050eff19a1a80fd854d7375174b191665d"}},
  0},
 {<<"merl">>,
  {git,"https://github.com/Licenser/merl.git",
       {ref,"1fcb4b03add12f57aa71a991f757bd9794892d7d"}},
  1},
 {<<"mmath">>,{pkg,<<"mmath">>,<<"0.1.16">>},1},
 {<<"msgpack">>,
  {git,"https://github.com/msgpack/msgpack-erlang.git",
       {ref,"c666a5f6568ac2e15687bb155442025dbb8b74ff"}},
  0},
 {<<"oauth2">>,
  {git,"https://github.com/project-fifo/oauth2.git",
       {ref,"7f88b8af3b09cad4eb83678cb2bdaed00fce6a76"}},
  1},
 {<<"poolboy">>,{pkg,<<"poolboy">>,<<"1.5.1">>},1},
 {<<"pooler">>,{pkg,<<"pooler">>,<<"1.4.0">>},2},
 {<<"qdate">>,
  {git,"https://github.com/choptastic/qdate.git",
       {ref,"4135dfa8e36eb531b9fdbea8ccbce597231864fe"}},
  1},
 {<<"ranch">>,{pkg,<<"ranch">>,<<"1.1.0">>},1},
 {<<"riak_dt">>,
  {git,"https://github.com/basho/riak_dt.git",
       {ref,"a2986bccd1cc42facdfe739495c6d13762ae0f37"}},
  1},
 {<<"uuid">>,
  {git,"https://github.com/project-fifo/erlang-uuid.git",
       {ref,"c28d740d878e91a075ee3d888ba15131d136e0d2"}},
  0}].
